
Microsoft Visual Studio Solution File, Format Version 12.00
# Visual Studio 15
VisualStudioVersion = 15.0.28307.1209
MinimumVisualStudioVersion = 10.0.40219.1
Project("{8BC9CEB8-8B4A-11D0-8D11-00A0C91BC942}") = "agoraSdkCWrapper", "agoraSdkCWrapper\agoraSdkCWrapper.vcxproj", "{B330C8EC-0B06-47FB-842C-0389EAD95385}"
EndProject
Project("{FAE04EC0-301F-11D3-BF4B-00C04F79EFBC}") = "rtcCSharpWrapperDemo", "rtcCSharpWrapperDemo\rtcCSharpWrapperDemo.csproj", "{F9DA47E5-96D7-47C3-A27C-F58921268885}"
	ProjectSection(ProjectDependencies) = postProject
		{C336931A-B9B3-4347-A90F-5E97031DD85F} = {C336931A-B9B3-4347-A90F-5E97031DD85F}
		{B330C8EC-0B06-47FB-842C-0389EAD95385} = {B330C8EC-0B06-47FB-842C-0389EAD95385}
	EndProjectSection
EndProject
Project("{FAE04EC0-301F-11D3-BF4B-00C04F79EFBC}") = "IPC", "IPC\IPC.csproj", "{C336931A-B9B3-4347-A90F-5E97031DD85F}"
EndProject
Project("{FAE04EC0-301F-11D3-BF4B-00C04F79EFBC}") = "ScreenShareProcess", "ScreenShareProcess\ScreenShareProcess.csproj", "{4CF5FD31-92DD-4D8E-9E93-4790620F2A6D}"
	ProjectSection(ProjectDependencies) = postProject
		{C336931A-B9B3-4347-A90F-5E97031DD85F} = {C336931A-B9B3-4347-A90F-5E97031DD85F}
	EndProjectSection
EndProject
Global
	GlobalSection(SolutionConfigurationPlatforms) = preSolution
		Debug|Any CPU = Debug|Any CPU
		Debug|x64 = Debug|x64
		Debug|x86 = Debug|x86
		DevelopDebug|Any CPU = DevelopDebug|Any CPU
		DevelopDebug|x64 = DevelopDebug|x64
		DevelopDebug|x86 = DevelopDebug|x86
		DevelopRelease|Any CPU = DevelopRelease|Any CPU
		DevelopRelease|x64 = DevelopRelease|x64
		DevelopRelease|x86 = DevelopRelease|x86
		Release|Any CPU = Release|Any CPU
		Release|x64 = Release|x64
		Release|x86 = Release|x86
	EndGlobalSection
	GlobalSection(ProjectConfigurationPlatforms) = postSolution
		{B330C8EC-0B06-47FB-842C-0389EAD95385}.Debug|Any CPU.ActiveCfg = Debug|Win32
		{B330C8EC-0B06-47FB-842C-0389EAD95385}.Debug|x64.ActiveCfg = Debug|x64
		{B330C8EC-0B06-47FB-842C-0389EAD95385}.Debug|x64.Build.0 = Debug|x64
		{B330C8EC-0B06-47FB-842C-0389EAD95385}.Debug|x86.ActiveCfg = Debug|Win32
		{B330C8EC-0B06-47FB-842C-0389EAD95385}.Debug|x86.Build.0 = Debug|Win32
		{B330C8EC-0B06-47FB-842C-0389EAD95385}.DevelopDebug|Any CPU.ActiveCfg = Release|x64
		{B330C8EC-0B06-47FB-842C-0389EAD95385}.DevelopDebug|Any CPU.Build.0 = Release|x64
		{B330C8EC-0B06-47FB-842C-0389EAD95385}.DevelopDebug|x64.ActiveCfg = Debug|x64
		{B330C8EC-0B06-47FB-842C-0389EAD95385}.DevelopDebug|x64.Build.0 = Debug|x64
		{B330C8EC-0B06-47FB-842C-0389EAD95385}.DevelopDebug|x86.ActiveCfg = Debug|Win32
		{B330C8EC-0B06-47FB-842C-0389EAD95385}.DevelopDebug|x86.Build.0 = Debug|Win32
		{B330C8EC-0B06-47FB-842C-0389EAD95385}.DevelopRelease|Any CPU.ActiveCfg = Release|x64
		{B330C8EC-0B06-47FB-842C-0389EAD95385}.DevelopRelease|Any CPU.Build.0 = Release|x64
		{B330C8EC-0B06-47FB-842C-0389EAD95385}.DevelopRelease|x64.ActiveCfg = Release|x64
		{B330C8EC-0B06-47FB-842C-0389EAD95385}.DevelopRelease|x64.Build.0 = Release|x64
		{B330C8EC-0B06-47FB-842C-0389EAD95385}.DevelopRelease|x86.ActiveCfg = Release|Win32
		{B330C8EC-0B06-47FB-842C-0389EAD95385}.DevelopRelease|x86.Build.0 = Release|Win32
		{B330C8EC-0B06-47FB-842C-0389EAD95385}.Release|Any CPU.ActiveCfg = Release|Win32
		{B330C8EC-0B06-47FB-842C-0389EAD95385}.Release|x64.ActiveCfg = Release|x64
		{B330C8EC-0B06-47FB-842C-0389EAD95385}.Release|x64.Build.0 = Release|x64
		{B330C8EC-0B06-47FB-842C-0389EAD95385}.Release|x86.ActiveCfg = Release|Win32
		{B330C8EC-0B06-47FB-842C-0389EAD95385}.Release|x86.Build.0 = Release|Win32
		{F9DA47E5-96D7-47C3-A27C-F58921268885}.Debug|Any CPU.ActiveCfg = Debug|Any CPU
		{F9DA47E5-96D7-47C3-A27C-F58921268885}.Debug|Any CPU.Build.0 = Debug|Any CPU
		{F9DA47E5-96D7-47C3-A27C-F58921268885}.Debug|x64.ActiveCfg = Debug|x64
		{F9DA47E5-96D7-47C3-A27C-F58921268885}.Debug|x64.Build.0 = Debug|x64
		{F9DA47E5-96D7-47C3-A27C-F58921268885}.Debug|x86.ActiveCfg = Debug|Any CPU
		{F9DA47E5-96D7-47C3-A27C-F58921268885}.Debug|x86.Build.0 = Debug|Any CPU
		{F9DA47E5-96D7-47C3-A27C-F58921268885}.DevelopDebug|Any CPU.ActiveCfg = Debug|Any CPU
		{F9DA47E5-96D7-47C3-A27C-F58921268885}.DevelopDebug|Any CPU.Build.0 = Debug|Any CPU
		{F9DA47E5-96D7-47C3-A27C-F58921268885}.DevelopDebug|x64.ActiveCfg = Debug|x64
		{F9DA47E5-96D7-47C3-A27C-F58921268885}.DevelopDebug|x64.Build.0 = Debug|x64
		{F9DA47E5-96D7-47C3-A27C-F58921268885}.DevelopDebug|x86.ActiveCfg = Debug|Any CPU
		{F9DA47E5-96D7-47C3-A27C-F58921268885}.DevelopDebug|x86.Build.0 = Debug|Any CPU
		{F9DA47E5-96D7-47C3-A27C-F58921268885}.DevelopRelease|Any CPU.ActiveCfg = Release|Any CPU
		{F9DA47E5-96D7-47C3-A27C-F58921268885}.DevelopRelease|Any CPU.Build.0 = Release|Any CPU
		{F9DA47E5-96D7-47C3-A27C-F58921268885}.DevelopRelease|x64.ActiveCfg = Release|x64
		{F9DA47E5-96D7-47C3-A27C-F58921268885}.DevelopRelease|x64.Build.0 = Release|x64
		{F9DA47E5-96D7-47C3-A27C-F58921268885}.DevelopRelease|x86.ActiveCfg = Release|Any CPU
		{F9DA47E5-96D7-47C3-A27C-F58921268885}.DevelopRelease|x86.Build.0 = Release|Any CPU
		{F9DA47E5-96D7-47C3-A27C-F58921268885}.Release|Any CPU.ActiveCfg = Release|Any CPU
		{F9DA47E5-96D7-47C3-A27C-F58921268885}.Release|Any CPU.Build.0 = Release|Any CPU
		{F9DA47E5-96D7-47C3-A27C-F58921268885}.Release|x64.ActiveCfg = Release|x64
		{F9DA47E5-96D7-47C3-A27C-F58921268885}.Release|x64.Build.0 = Release|x64
		{F9DA47E5-96D7-47C3-A27C-F58921268885}.Release|x86.ActiveCfg = Release|Any CPU
		{F9DA47E5-96D7-47C3-A27C-F58921268885}.Release|x86.Build.0 = Release|Any CPU
		{C336931A-B9B3-4347-A90F-5E97031DD85F}.Debug|Any CPU.ActiveCfg = Debug|Any CPU
		{C336931A-B9B3-4347-A90F-5E97031DD85F}.Debug|Any CPU.Build.0 = Debug|Any CPU
		{C336931A-B9B3-4347-A90F-5E97031DD85F}.Debug|x64.ActiveCfg = Debug|x64
		{C336931A-B9B3-4347-A90F-5E97031DD85F}.Debug|x64.Build.0 = Debug|x64
		{C336931A-B9B3-4347-A90F-5E97031DD85F}.Debug|x86.ActiveCfg = Debug|Any CPU
		{C336931A-B9B3-4347-A90F-5E97031DD85F}.Debug|x86.Build.0 = Debug|Any CPU
		{C336931A-B9B3-4347-A90F-5E97031DD85F}.DevelopDebug|Any CPU.ActiveCfg = Debug|Any CPU
		{C336931A-B9B3-4347-A90F-5E97031DD85F}.DevelopDebug|Any CPU.Build.0 = Debug|Any CPU
		{C336931A-B9B3-4347-A90F-5E97031DD85F}.DevelopDebug|x64.ActiveCfg = Debug|x64
		{C336931A-B9B3-4347-A90F-5E97031DD85F}.DevelopDebug|x64.Build.0 = Debug|x64
		{C336931A-B9B3-4347-A90F-5E97031DD85F}.DevelopDebug|x86.ActiveCfg = Debug|Any CPU
		{C336931A-B9B3-4347-A90F-5E97031DD85F}.DevelopDebug|x86.Build.0 = Debug|Any CPU
		{C336931A-B9B3-4347-A90F-5E97031DD85F}.DevelopRelease|Any CPU.ActiveCfg = Release|Any CPU
		{C336931A-B9B3-4347-A90F-5E97031DD85F}.DevelopRelease|Any CPU.Build.0 = Release|Any CPU
		{C336931A-B9B3-4347-A90F-5E97031DD85F}.DevelopRelease|x64.ActiveCfg = Release|x64
		{C336931A-B9B3-4347-A90F-5E97031DD85F}.DevelopRelease|x64.Build.0 = Release|x64
		{C336931A-B9B3-4347-A90F-5E97031DD85F}.DevelopRelease|x86.ActiveCfg = Release|Any CPU
		{C336931A-B9B3-4347-A90F-5E97031DD85F}.DevelopRelease|x86.Build.0 = Release|Any CPU
		{C336931A-B9B3-4347-A90F-5E97031DD85F}.Release|Any CPU.ActiveCfg = Release|Any CPU
		{C336931A-B9B3-4347-A90F-5E97031DD85F}.Release|Any CPU.Build.0 = Release|Any CPU
		{C336931A-B9B3-4347-A90F-5E97031DD85F}.Release|x64.ActiveCfg = Release|Any CPU
		{C336931A-B9B3-4347-A90F-5E97031DD85F}.Release|x64.Build.0 = Release|Any CPU
		{C336931A-B9B3-4347-A90F-5E97031DD85F}.Release|x86.ActiveCfg = Release|Any CPU
		{C336931A-B9B3-4347-A90F-5E97031DD85F}.Release|x86.Build.0 = Release|Any CPU
		{4CF5FD31-92DD-4D8E-9E93-4790620F2A6D}.Debug|Any CPU.ActiveCfg = Debug|Any CPU
		{4CF5FD31-92DD-4D8E-9E93-4790620F2A6D}.Debug|Any CPU.Build.0 = Debug|Any CPU
		{4CF5FD31-92DD-4D8E-9E93-4790620F2A6D}.Debug|x64.ActiveCfg = Debug|Any CPU
		{4CF5FD31-92DD-4D8E-9E93-4790620F2A6D}.Debug|x64.Build.0 = Debug|Any CPU
		{4CF5FD31-92DD-4D8E-9E93-4790620F2A6D}.Debug|x86.ActiveCfg = Debug|Any CPU
		{4CF5FD31-92DD-4D8E-9E93-4790620F2A6D}.Debug|x86.Build.0 = Debug|Any CPU
		{4CF5FD31-92DD-4D8E-9E93-4790620F2A6D}.DevelopDebug|Any CPU.ActiveCfg = Debug|Any CPU
		{4CF5FD31-92DD-4D8E-9E93-4790620F2A6D}.DevelopDebug|Any CPU.Build.0 = Debug|Any CPU
		{4CF5FD31-92DD-4D8E-9E93-4790620F2A6D}.DevelopDebug|x64.ActiveCfg = Debug|Any CPU
		{4CF5FD31-92DD-4D8E-9E93-4790620F2A6D}.DevelopDebug|x64.Build.0 = Debug|Any CPU
		{4CF5FD31-92DD-4D8E-9E93-4790620F2A6D}.DevelopDebug|x86.ActiveCfg = Debug|Any CPU
		{4CF5FD31-92DD-4D8E-9E93-4790620F2A6D}.DevelopDebug|x86.Build.0 = Debug|Any CPU
		{4CF5FD31-92DD-4D8E-9E93-4790620F2A6D}.DevelopRelease|Any CPU.ActiveCfg = Release|Any CPU
		{4CF5FD31-92DD-4D8E-9E93-4790620F2A6D}.DevelopRelease|Any CPU.Build.0 = Release|Any CPU
		{4CF5FD31-92DD-4D8E-9E93-4790620F2A6D}.DevelopRelease|x64.ActiveCfg = Release|Any CPU
		{4CF5FD31-92DD-4D8E-9E93-4790620F2A6D}.DevelopRelease|x64.Build.0 = Release|Any CPU
		{4CF5FD31-92DD-4D8E-9E93-4790620F2A6D}.DevelopRelease|x86.ActiveCfg = Release|Any CPU
		{4CF5FD31-92DD-4D8E-9E93-4790620F2A6D}.DevelopRelease|x86.Build.0 = Release|Any CPU
		{4CF5FD31-92DD-4D8E-9E93-4790620F2A6D}.Release|Any CPU.ActiveCfg = Release|Any CPU
		{4CF5FD31-92DD-4D8E-9E93-4790620F2A6D}.Release|Any CPU.Build.0 = Release|Any CPU
		{4CF5FD31-92DD-4D8E-9E93-4790620F2A6D}.Release|x64.ActiveCfg = Release|Any CPU
		{4CF5FD31-92DD-4D8E-9E93-4790620F2A6D}.Release|x64.Build.0 = Release|Any CPU
		{4CF5FD31-92DD-4D8E-9E93-4790620F2A6D}.Release|x86.ActiveCfg = Release|Any CPU
		{4CF5FD31-92DD-4D8E-9E93-4790620F2A6D}.Release|x86.Build.0 = Release|Any CPU
	EndGlobalSection
	GlobalSection(SolutionProperties) = preSolution
		HideSolutionNode = FALSE
	EndGlobalSection
	GlobalSection(ExtensibilityGlobals) = postSolution
		SolutionGuid = {28F85371-501C-457E-8B04-9C6AE855B3E0}
	EndGlobalSection
EndGlobal
